
Microsoft Visual Studio Solution File, Format Version 12.00
Project("{FAE04EC0-301F-11D3-BF4B-00C04F79EFBC}") = "DOTNET-ConsoleApplication-Optional", "DOTNET-ConsoleApplication-Optional\DOTNET-ConsoleApplication-Optional.csproj", "{C2852190-1422-4335-957E-AFA52EA6E80B}"
EndProject
Global
	GlobalSection(SolutionConfigurationPlatforms) = preSolution
		Debug|Any CPU = Debug|Any CPU
		Release|Any CPU = Release|Any CPU
	EndGlobalSection
	GlobalSection(ProjectConfigurationPlatforms) = postSolution
		{C2852190-1422-4335-957E-AFA52EA6E80B}.Debug|Any CPU.ActiveCfg = Debug|Any CPU
		{C2852190-1422-4335-957E-AFA52EA6E80B}.Debug|Any CPU.Build.0 = Debug|Any CPU
		{C2852190-1422-4335-957E-AFA52EA6E80B}.Release|Any CPU.ActiveCfg = Release|Any CPU
		{C2852190-1422-4335-957E-AFA52EA6E80B}.Release|Any CPU.Build.0 = Release|Any CPU
	EndGlobalSection
EndGlobal
